PackratFormat: 1.4
PackratVersion: 0.4.3
RVersion: 3.1.3
Repos: CRAN=http://cran.rstudio.com,
    BioCsoft=http://bioconductor.org/packages/3.0/bioc,
    BioCann=http://bioconductor.org/packages/3.0/data/annotation,
    BioCexp=http://bioconductor.org/packages/3.0/data/experiment,
    BioCextra=http://bioconductor.org/packages/3.0/extra,
    CRANextra=http://www.stats.ox.ac.uk/pub/RWin

Package: AnnotationDbi
Source: Bioconductor
Version: 1.28.2
Hash: 07df738e1f0c6c3924e3e3d3c5ec6d08
Requires: Biobase, BiocGenerics, DBI, GenomeInfoDb, RSQLite, S4Vectors

Package: BBmisc
Source: CRAN
Version: 1.9
Hash: 0a03b49785d622142a895121fa408122
Requires: checkmate

Package: BH
Source: CRAN
Version: 1.55.0-3
Hash: 1c7274ffc895d2c8f23ae98d83a912ed

Package: BatchJobs
Source: CRAN
Version: 1.6
Hash: 5f5e3053ecb2cc5a8dd894d0446fc144
Requires: BBmisc, DBI, RSQLite, brew, checkmate, digest, fail,
    sendmailR, stringr

Package: Biobase
Source: Bioconductor
Version: 2.26.0
Hash: b71870d5a99d67d1aed2539586108549
Requires: BiocGenerics

Package: BiocGenerics
Source: Bioconductor
Version: 0.12.1
Hash: 87ec9b94ce0544cb5730b6567d266994

Package: BiocParallel
Source: Bioconductor
Version: 1.0.3
Hash: 4c0a19b26f7b774530a0e81627119161
Requires: BBmisc, BatchJobs, BiocGenerics, foreach

Package: Biostrings
Source: Bioconductor
Version: 2.34.1
Hash: 35c09586e2db40a75c9a7d7e482f5d45
Requires: BiocGenerics, IRanges, S4Vectors, XVector, zlibbioc

Package: DBI
Source: CRAN
Version: 0.3.1
Hash: 3a9e85b26ec3ab570266bccb3f9de055

Package: DESeq2
Source: Bioconductor
Version: 1.6.3
Hash: 3f8a1bdb49682b75483a831232ad2d48
Requires: Biobase, BiocGenerics, BiocParallel, GenomicRanges, Hmisc,
    IRanges, Rcpp, RcppArmadillo, S4Vectors, genefilter, geneplotter,
    ggplot2, locfit

Package: Formula
Source: CRAN
Version: 1.2-1
Hash: e805e52d4a9b5d07e721862da02764d5

Package: GenomeInfoDb
Source: Bioconductor
Version: 1.2.5
Hash: 52509a1421f972cce6cda6df51bd4dae
Requires: BiocGenerics, IRanges, S4Vectors

Package: GenomicRanges
Source: Bioconductor
Version: 1.18.4
Hash: 6b8eba42b98a939eb0f8cc1cdb19aa7b
Requires: BiocGenerics, GenomeInfoDb, IRanges, S4Vectors, XVector

Package: Hmisc
Source: CRAN
Version: 3.15-0
Hash: 62927f04f08ffb991a77fc51b27db0d8
Requires: Formula, acepack, ggplot2, latticeExtra, proto, scales

Package: IRanges
Source: Bioconductor
Version: 2.0.1
Hash: cafa694d528e8fd77e0273c8c05f3ffc
Requires: BiocGenerics, S4Vectors

Package: LearnBayes
Source: CRAN
Version: 2.15
Hash: c31975e85dcb7926d31e910146b281c4

Package: R6
Source: CRAN
Version: 2.0.1
Hash: 9a3ac4e5fd8059af0fc5156bcb019bbc

Package: RColorBrewer
Source: CRAN
Version: 1.1-2
Hash: 5203278413b09be06483c5ac1920bb05

Package: RCurl
Source: CRAN
Version: 1.95-4.6
Hash: a4d86df231587d1eae56f29c278bad0d
Requires: bitops

Package: RJSONIO
Source: CRAN
Version: 1.3-0
Hash: 8b1341dfd547c90ed4b3365d5aa46a7b

Package: RSQLite
Source: CRAN
Version: 1.0.0
Hash: 6ec4dc154e68485971a5baf3817e61a8
Requires: DBI

Package: Rcpp
Source: CRAN
Version: 0.11.6
Hash: 004f4ffa4d0f4a3d177f2090799225e8

Package: RcppArmadillo
Source: CRAN
Version: 0.4.650.1.1
Hash: 9e4be13bd1005056420323c10178361c
Requires: Rcpp

Package: S4Vectors
Source: Bioconductor
Version: 0.4.0
Hash: 7563de5be92e3a6a729fccda1a7c2b83
Requires: BiocGenerics

Package: XML
Source: CRAN
Version: 3.98-1.1
Hash: 13746d37588e7083349177d6e8234864

Package: XVector
Source: Bioconductor
Version: 0.6.0
Hash: 0e64e8091862fc6aaa26a24a23971563
Requires: BiocGenerics, IRanges, S4Vectors

Package: acepack
Source: CRAN
Version: 1.3-3.3
Hash: e42d3814a877cf587e6a5225486323c3

Package: ade4
Source: CRAN
Version: 1.7-2
Hash: 90f8bc73682182f9efc8856239711a8e

Package: agricolae
Source: CRAN
Version: 1.2-1
Hash: 1f0de7e4457a1e27daa4bb131066b596
Requires: klaR, spdep

Package: annotate
Source: Bioconductor
Version: 1.44.0
Hash: 988488d4b89b53fb8bc26b709d54e67e
Requires: AnnotationDbi, Biobase, BiocGenerics, DBI, XML, xtable

Package: ape
Source: CRAN
Version: 3.2
Hash: 9fa1d7d5c26cba2496c5f3436f49dcd3

Package: assertthat
Source: CRAN
Version: 0.1
Hash: 4b419cfdc33a3019a7f3c6f0cdea6c38

Package: base64enc
Source: CRAN
Version: 0.1-2
Hash: 290e385e048cebab0e8d8d301b84ac75

Package: biom
Source: CRAN
Version: 0.3.12
Hash: d5481d523fd8bc2a0fac5592cdd44272
Requires: RJSONIO, plyr

Package: bitops
Source: CRAN
Version: 1.0-6
Hash: cb26464a8321628636b547518994c931

Package: brew
Source: CRAN
Version: 1.0-6
Hash: 9d92cc5ac60123fdb7b0daa3ae83bf99

Package: checkmate
Source: CRAN
Version: 1.5.2
Hash: 06a22198c165adff2e2ccb5ff11a6441

Package: chron
Source: CRAN
Version: 2.3-45
Hash: 65cf73bf43c26a4578bb251499de38cd

Package: coda
Source: CRAN
Version: 0.17-1
Hash: d0d3dbce33d67bfd99404e8abc507a65

Package: colorspace
Source: CRAN
Version: 1.2-6
Hash: a53ddc5a49706984d234ea5cc209c8f0

Package: combinat
Source: CRAN
Version: 0.0-8
Hash: 55bf818210f976d6cb5125ebb9b6d32a

Package: data.table
Source: CRAN
Version: 1.9.4
Hash: 905b6356d387a3a7e13ef62c4cf6f7e3
Requires: chron, reshape2

Package: deldir
Source: CRAN
Version: 0.1-9
Hash: 811cec27ec44026772133c4bae572610

Package: devtools
Source: CRAN
Version: 1.7.0
Hash: 56919e22e0d3f7131e93bda1a869730e
Requires: RCurl, digest, evaluate, httr, jsonlite, memoise, roxygen2,
    rstudioapi, whisker

Package: dichromat
Source: CRAN
Version: 2.0-0
Hash: 42be2136555fa4b6167605df56d8cd7c

Package: digest
Source: CRAN
Version: 0.6.8
Hash: 89dc4c8734dad5322bb3c5c2af09056f

Package: dplyr
Source: CRAN
Version: 0.4.1
Hash: 1e7dd5625a5807d8590f540380c721de
Requires: BH, DBI, R6, Rcpp, assertthat, lazyeval, magrittr

Package: ellipse
Source: CRAN
Version: 0.3-8
Hash: b001ec8edea6b27ec5519ee0b31af8f5

Package: evaluate
Source: CRAN
Version: 0.7
Hash: 96c38894bf65a2e890f7c6ec840a6466
Requires: stringr

Package: fail
Source: CRAN
Version: 1.2
Hash: fc1554bcf77bd41da570a0e26dbaac3a
Requires: BBmisc

Package: foreach
Source: CRAN
Version: 1.4.2
Hash: fbdaa99f6c6bd4f252c5d8412f6e79c9
Requires: iterators

Package: genefilter
Source: Bioconductor
Version: 1.48.1
Hash: 196bdcad7e4ea8776cae4a84704346cd
Requires: AnnotationDbi, Biobase, annotate

Package: geneplotter
Source: Bioconductor
Version: 1.44.0
Hash: 3ee63400ba91a345ca5590444efaf46e
Requires: AnnotationDbi, Biobase, BiocGenerics, RColorBrewer, annotate

Package: ggplot2
Source: CRAN
Version: 1.0.1
Hash: 06a8e5faacfd76c9e4ab11a5b7ad94d6
Requires: digest, gtable, plyr, proto, reshape2, scales

Package: gtable
Source: CRAN
Version: 0.1.2
Hash: 0cf4a2b54c02b35dec7e74a8ebed12a0

Package: httr
Source: CRAN
Version: 0.6.1
Hash: 3b082465d75a7a0c3d09ad06a0905aff
Requires: R6, RCurl, digest, jsonlite, mime, stringr

Package: igraph
Source: CRAN
Version: 0.7.1
Hash: e82d8e897ee5f480edb6a68b3d949dba

Package: iterators
Source: CRAN
Version: 1.0.7
Hash: b5320a58712688d5b18c207cf256ef3f

Package: jsonlite
Source: CRAN
Version: 0.9.16
Hash: d96313db22c1ea2028538db1fc96fe5a

Package: klaR
Source: CRAN
Version: 0.6-12
Hash: d64356ddcadc4bcb56db1bdfff2285a4
Requires: combinat

Package: labeling
Source: CRAN
Version: 0.3
Hash: 568a992912caf7eeddfb121924154047

Package: latticeExtra
Source: CRAN
Version: 0.6-26
Hash: 2c59a30bb9d9d4651b913b828dca2640
Requires: RColorBrewer

Package: lazyeval
Source: CRAN
Version: 0.1.10
Hash: 7f88a453d0b52e36ea46d9d33c6dcf90

Package: locfit
Source: CRAN
Version: 1.5-9.1
Hash: f50f72e2b1a3ae02e591bceab01bcf27

Package: magrittr
Source: CRAN
Version: 1.5
Hash: 38d492cf072bc9f3c73bda2aee3d0e23

Package: memoise
Source: CRAN
Version: 0.2.1
Hash: fc52fa39dfd216c44d64812ff31b1c67
Requires: digest

Package: mime
Source: CRAN
Version: 0.3
Hash: 843fd754c122f266d910a04642e0703d

Package: multtest
Source: Bioconductor
Version: 2.22.0
Hash: 049a35efad8d9cded88d1b3e67f33095
Requires: Biobase

Package: munsell
Source: CRAN
Version: 0.4.2
Hash: fa8af6d040041439b249351e9d16ae9a
Requires: colorspace

Package: packrat
Source: CRAN
Version: 0.4.3
Hash: 16c72d5c802629fae5a4abca901e0199

Package: permute
Source: CRAN
Version: 0.8-3
Hash: 92a39171e57ccc8c82abc65db2ef593d

Package: phyloseq
Source: Bioconductor
Version: 1.10.0
Hash: 98c396d7865106e2484306ae8166c82f
Requires: Biostrings, DESeq2, ade4, ape, biom, data.table, foreach,
    ggplot2, igraph, multtest, plyr, reshape2, scales, vegan

Package: plyr
Source: CRAN
Version: 1.8.2
Hash: 70681a5a00608b6137b753e1b5994e4a
Requires: Rcpp

Package: proto
Source: CRAN
Version: 0.3-10
Hash: 668a9e87cedbdc5f56c396edf1bd2648

Package: reshape2
Source: CRAN
Version: 1.4.1
Hash: e207efbaabcdff1aa2bc697369b62b0c
Requires: Rcpp, plyr, stringr

Package: roxygen2
Source: CRAN
Version: 4.1.1
Hash: bf0325183fa7f6e9cdd9f82b8e6c50b4
Requires: Rcpp, brew, digest, stringr

Package: rstudioapi
Source: CRAN
Version: 0.3.1
Hash: ee415a4fe305c6222630d8e5572781e7

Package: scales
Source: CRAN
Version: 0.2.4
Hash: b8b1af97bd07818605223060386b00dd
Requires: RColorBrewer, dichromat, labeling, munsell, plyr

Package: sendmailR
Source: CRAN
Version: 1.2-1
Hash: 5a8c432c5551326579b150e8d0c4d458
Requires: base64enc

Package: sp
Source: CRAN
Version: 1.1-0
Hash: 53fa1a7a03c897eac993d0a2253c5b0d

Package: spdep
Source: CRAN
Version: 0.5-88
Hash: 0cd10eb46be5a441b003a4232eeec665
Requires: LearnBayes, coda, deldir, sp

Package: stringi
Source: CRAN
Version: 0.4-1
Hash: 955e96fc5961bf9f7b3ca916f9b1e606

Package: stringr
Source: CRAN
Version: 0.6.2
Hash: cdde0cfa0f52cffeaca23a11a3899779

Package: vegan
Source: CRAN
Version: 2.2-1
Hash: a61b5cf96004adf6455a42c1d4c9e920
Requires: permute

Package: whisker
Source: CRAN
Version: 0.3-2
Hash: 186ab2937fec1694c8a63009a2389c4e

Package: xtable
Source: CRAN
Version: 1.7-4
Hash: 7b30b5ca6c7ae80c4f916502e3ad0237

Package: zlibbioc
Source: Bioconductor
Version: 1.12.0
Hash: dad121c743c1827bd309cd06e59ab677
